
Microsoft Visual Studio Solution File, Format Version 12.00
# Visual Studio Version 17
VisualStudioVersion = 17.6.33815.320
MinimumVisualStudioVersion = 10.0.40219.1
Project("{FAE04EC0-301F-11D3-BF4B-00C04F79EFBC}") = "assesment 15", "assesment 15.csproj", "{EB7A500D-3255-4A88-A5AD-29D5592B2E49}"
EndProject
Global
	GlobalSection(SolutionConfigurationPlatforms) = preSolution
		Debug|Any CPU = Debug|Any CPU
		Release|Any CPU = Release|Any CPU
	EndGlobalSection
	GlobalSection(ProjectConfigurationPlatforms) = postSolution
		{EB7A500D-3255-4A88-A5AD-29D5592B2E49}.Debug|Any CPU.ActiveCfg = Debug|Any CPU
		{EB7A500D-3255-4A88-A5AD-29D5592B2E49}.Debug|Any CPU.Build.0 = Debug|Any CPU
		{EB7A500D-3255-4A88-A5AD-29D5592B2E49}.Release|Any CPU.ActiveCfg = Release|Any CPU
		{EB7A500D-3255-4A88-A5AD-29D5592B2E49}.Release|Any CPU.Build.0 = Release|Any CPU
	EndGlobalSection
	GlobalSection(SolutionProperties) = preSolution
		HideSolutionNode = FALSE
	EndGlobalSection
	GlobalSection(ExtensibilityGlobals) = postSolution
		SolutionGuid = {15845632-0D98-455B-8FF3-63F216B6885E}
	EndGlobalSection
EndGlobal
